{
  "requires": true,
  "lockfileVersion": 1,
  "dependencies": {
    "hooper": {
      "version": "0.3.4",
      "resolved": "https://registry.npmjs.org/hooper/-/hooper-0.3.4.tgz",
      "integrity": "sha512-hV1c+MCiCfVjltdvZIgTrGYHInvhKiNLVNOT/hRWbfjZNIS9H6F6ZUPeaxhxrYkjsEL96Z0RIs+4YPoBqrrrHQ=="
    },
    "vue": {
      "version": "2.6.11",
      "resolved": "https://registry.npmjs.org/vue/-/vue-2.6.11.tgz",
      "integrity": "sha512-VfPwgcGABbGAue9+sfrD4PuwFar7gPb1yl1UK1MwXoQPAw0BKSqWfoYCT/ThFrdEVWoI51dBuyCoiNU9bZDZxQ=="
    },
    "vue-agile": {
      "version": "1.0.11",
      "resolved": "https://registry.npmjs.org/vue-agile/-/vue-agile-1.0.11.tgz",
      "integrity": "sha512-iOc3qkTjJx5HldP3e9KGYtrYOg/1TG1FpcJQOQKGXHxPO2WAS0MU10tA4ydNbrTM7DTBaIo8RReZsxevFordNg==",
      "requires": {
        "vue": "^2.6.10"
      }
    }
  }
}
